
Microsoft Visual Studio Solution File, Format Version 12.00
# Visual Studio Version 16
VisualStudioVersion = 16.0.33214.272
MinimumVisualStudioVersion = 10.0.40219.1
Project("{FAE04EC0-301F-11D3-BF4B-00C04F79EFBC}") = "mas1.UWP", "mas1.UWP\mas1.UWP.csproj", "{89BBEED9-ED1D-47BC-A880-192BD356E9CC}"
EndProject
Project("{FAE04EC0-301F-11D3-BF4B-00C04F79EFBC}") = "mas1.Android", "mas1.Android\mas1.Android.csproj", "{FCFCFE34-C2FE-4F94-8B4D-35E19913B0EE}"
EndProject
Project("{FAE04EC0-301F-11D3-BF4B-00C04F79EFBC}") = "mas1.iOS", "mas1.iOS\mas1.iOS.csproj", "{5023F408-9582-4405-BA34-A79A8A8FF663}"
EndProject
Project("{FAE04EC0-301F-11D3-BF4B-00C04F79EFBC}") = "mas1", "mas1\mas1.csproj", "{13C1D735-5F88-4460-BBB8-016845E60484}"
EndProject
Global
	GlobalSection(SolutionConfigurationPlatforms) = preSolution
		Debug|Any CPU = Debug|Any CPU
		Debug|ARM = Debug|ARM
		Debug|iPhone = Debug|iPhone
		Debug|iPhoneSimulator = Debug|iPhoneSimulator
		Debug|x64 = Debug|x64
		Debug|x86 = Debug|x86
		Release|Any CPU = Release|Any CPU
		Release|ARM = Release|ARM
		Release|iPhone = Release|iPhone
		Release|iPhoneSimulator = Release|iPhoneSimulator
		Release|x64 = Release|x64
		Release|x86 = Release|x86
	EndGlobalSection
	GlobalSection(ProjectConfigurationPlatforms) = postSolution
		{89BBEED9-ED1D-47BC-A880-192BD356E9CC}.Debug|Any CPU.ActiveCfg = Debug|x86
		{89BBEED9-ED1D-47BC-A880-192BD356E9CC}.Debug|Any CPU.Build.0 = Debug|x86
		{89BBEED9-ED1D-47BC-A880-192BD356E9CC}.Debug|Any CPU.Deploy.0 = Debug|x86
		{89BBEED9-ED1D-47BC-A880-192BD356E9CC}.Debug|ARM.ActiveCfg = Debug|ARM
		{89BBEED9-ED1D-47BC-A880-192BD356E9CC}.Debug|ARM.Build.0 = Debug|ARM
		{89BBEED9-ED1D-47BC-A880-192BD356E9CC}.Debug|ARM.Deploy.0 = Debug|ARM
		{89BBEED9-ED1D-47BC-A880-192BD356E9CC}.Debug|iPhone.ActiveCfg = Debug|x86
		{89BBEED9-ED1D-47BC-A880-192BD356E9CC}.Debug|iPhone.Build.0 = Debug|x86
		{89BBEED9-ED1D-47BC-A880-192BD356E9CC}.Debug|iPhone.Deploy.0 = Debug|x86
		{89BBEED9-ED1D-47BC-A880-192BD356E9CC}.Debug|iPhoneSimulator.ActiveCfg = Debug|x86
		{89BBEED9-ED1D-47BC-A880-192BD356E9CC}.Debug|iPhoneSimulator.Build.0 = Debug|x86
		{89BBEED9-ED1D-47BC-A880-192BD356E9CC}.Debug|iPhoneSimulator.Deploy.0 = Debug|x86
		{89BBEED9-ED1D-47BC-A880-192BD356E9CC}.Debug|x64.ActiveCfg = Debug|x64
		{89BBEED9-ED1D-47BC-A880-192BD356E9CC}.Debug|x64.Build.0 = Debug|x64
		{89BBEED9-ED1D-47BC-A880-192BD356E9CC}.Debug|x64.Deploy.0 = Debug|x64
		{89BBEED9-ED1D-47BC-A880-192BD356E9CC}.Debug|x86.ActiveCfg = Debug|x86
		{89BBEED9-ED1D-47BC-A880-192BD356E9CC}.Debug|x86.Build.0 = Debug|x86
		{89BBEED9-ED1D-47BC-A880-192BD356E9CC}.Debug|x86.Deploy.0 = Debug|x86
		{89BBEED9-ED1D-47BC-A880-192BD356E9CC}.Release|Any CPU.ActiveCfg = Release|x86
		{89BBEED9-ED1D-47BC-A880-192BD356E9CC}.Release|Any CPU.Build.0 = Release|x86
		{89BBEED9-ED1D-47BC-A880-192BD356E9CC}.Release|Any CPU.Deploy.0 = Release|x86
		{89BBEED9-ED1D-47BC-A880-192BD356E9CC}.Release|ARM.ActiveCfg = Release|ARM
		{89BBEED9-ED1D-47BC-A880-192BD356E9CC}.Release|ARM.Build.0 = Release|ARM
		{89BBEED9-ED1D-47BC-A880-192BD356E9CC}.Release|ARM.Deploy.0 = Release|ARM
		{89BBEED9-ED1D-47BC-A880-192BD356E9CC}.Release|iPhone.ActiveCfg = Release|x86
		{89BBEED9-ED1D-47BC-A880-192BD356E9CC}.Release|iPhone.Build.0 = Release|x86
		{89BBEED9-ED1D-47BC-A880-192BD356E9CC}.Release|iPhone.Deploy.0 = Release|x86
		{89BBEED9-ED1D-47BC-A880-192BD356E9CC}.Release|iPhoneSimulator.ActiveCfg = Release|x86
		{89BBEED9-ED1D-47BC-A880-192BD356E9CC}.Release|iPhoneSimulator.Build.0 = Release|x86
		{89BBEED9-ED1D-47BC-A880-192BD356E9CC}.Release|iPhoneSimulator.Deploy.0 = Release|x86
		{89BBEED9-ED1D-47BC-A880-192BD356E9CC}.Release|x64.ActiveCfg = Release|x64
		{89BBEED9-ED1D-47BC-A880-192BD356E9CC}.Release|x64.Build.0 = Release|x64
		{89BBEED9-ED1D-47BC-A880-192BD356E9CC}.Release|x64.Deploy.0 = Release|x64
		{89BBEED9-ED1D-47BC-A880-192BD356E9CC}.Release|x86.ActiveCfg = Release|x86
		{89BBEED9-ED1D-47BC-A880-192BD356E9CC}.Release|x86.Build.0 = Release|x86
		{89BBEED9-ED1D-47BC-A880-192BD356E9CC}.Release|x86.Deploy.0 = Release|x86
		{FCFCFE34-C2FE-4F94-8B4D-35E19913B0EE}.Debug|Any CPU.ActiveCfg = Debug|Any CPU
		{FCFCFE34-C2FE-4F94-8B4D-35E19913B0EE}.Debug|Any CPU.Build.0 = Debug|Any CPU
		{FCFCFE34-C2FE-4F94-8B4D-35E19913B0EE}.Debug|Any CPU.Deploy.0 = Debug|Any CPU
		{FCFCFE34-C2FE-4F94-8B4D-35E19913B0EE}.Debug|ARM.ActiveCfg = Debug|Any CPU
		{FCFCFE34-C2FE-4F94-8B4D-35E19913B0EE}.Debug|ARM.Build.0 = Debug|Any CPU
		{FCFCFE34-C2FE-4F94-8B4D-35E19913B0EE}.Debug|ARM.Deploy.0 = Debug|Any CPU
		{FCFCFE34-C2FE-4F94-8B4D-35E19913B0EE}.Debug|iPhone.ActiveCfg = Debug|Any CPU
		{FCFCFE34-C2FE-4F94-8B4D-35E19913B0EE}.Debug|iPhone.Build.0 = Debug|Any CPU
		{FCFCFE34-C2FE-4F94-8B4D-35E19913B0EE}.Debug|iPhone.Deploy.0 = Debug|Any CPU
		{FCFCFE34-C2FE-4F94-8B4D-35E19913B0EE}.Debug|iPhoneSimulator.ActiveCfg = Debug|Any CPU
		{FCFCFE34-C2FE-4F94-8B4D-35E19913B0EE}.Debug|iPhoneSimulator.Build.0 = Debug|Any CPU
		{FCFCFE34-C2FE-4F94-8B4D-35E19913B0EE}.Debug|iPhoneSimulator.Deploy.0 = Debug|Any CPU
		{FCFCFE34-C2FE-4F94-8B4D-35E19913B0EE}.Debug|x64.ActiveCfg = Debug|Any CPU
		{FCFCFE34-C2FE-4F94-8B4D-35E19913B0EE}.Debug|x64.Build.0 = Debug|Any CPU
		{FCFCFE34-C2FE-4F94-8B4D-35E19913B0EE}.Debug|x64.Deploy.0 = Debug|Any CPU
		{FCFCFE34-C2FE-4F94-8B4D-35E19913B0EE}.Debug|x86.ActiveCfg = Debug|Any CPU
		{FCFCFE34-C2FE-4F94-8B4D-35E19913B0EE}.Debug|x86.Build.0 = Debug|Any CPU
		{FCFCFE34-C2FE-4F94-8B4D-35E19913B0EE}.Debug|x86.Deploy.0 = Debug|Any CPU
		{FCFCFE34-C2FE-4F94-8B4D-35E19913B0EE}.Release|Any CPU.ActiveCfg = Release|Any CPU
		{FCFCFE34-C2FE-4F94-8B4D-35E19913B0EE}.Release|Any CPU.Build.0 = Release|Any CPU
		{FCFCFE34-C2FE-4F94-8B4D-35E19913B0EE}.Release|Any CPU.Deploy.0 = Release|Any CPU
		{FCFCFE34-C2FE-4F94-8B4D-35E19913B0EE}.Release|ARM.ActiveCfg = Release|Any CPU
		{FCFCFE34-C2FE-4F94-8B4D-35E19913B0EE}.Release|ARM.Build.0 = Release|Any CPU
		{FCFCFE34-C2FE-4F94-8B4D-35E19913B0EE}.Release|ARM.Deploy.0 = Release|Any CPU
		{FCFCFE34-C2FE-4F94-8B4D-35E19913B0EE}.Release|iPhone.ActiveCfg = Release|Any CPU
		{FCFCFE34-C2FE-4F94-8B4D-35E19913B0EE}.Release|iPhone.Build.0 = Release|Any CPU
		{FCFCFE34-C2FE-4F94-8B4D-35E19913B0EE}.Release|iPhone.Deploy.0 = Release|Any CPU
		{FCFCFE34-C2FE-4F94-8B4D-35E19913B0EE}.Release|iPhoneSimulator.ActiveCfg = Release|Any CPU
		{FCFCFE34-C2FE-4F94-8B4D-35E19913B0EE}.Release|iPhoneSimulator.Build.0 = Release|Any CPU
		{FCFCFE34-C2FE-4F94-8B4D-35E19913B0EE}.Release|iPhoneSimulator.Deploy.0 = Release|Any CPU
		{FCFCFE34-C2FE-4F94-8B4D-35E19913B0EE}.Release|x64.ActiveCfg = Release|Any CPU
		{FCFCFE34-C2FE-4F94-8B4D-35E19913B0EE}.Release|x64.Build.0 = Release|Any CPU
		{FCFCFE34-C2FE-4F94-8B4D-35E19913B0EE}.Release|x64.Deploy.0 = Release|Any CPU
		{FCFCFE34-C2FE-4F94-8B4D-35E19913B0EE}.Release|x86.ActiveCfg = Release|Any CPU
		{FCFCFE34-C2FE-4F94-8B4D-35E19913B0EE}.Release|x86.Build.0 = Release|Any CPU
		{FCFCFE34-C2FE-4F94-8B4D-35E19913B0EE}.Release|x86.Deploy.0 = Release|Any CPU
		{5023F408-9582-4405-BA34-A79A8A8FF663}.Debug|Any CPU.ActiveCfg = Debug|iPhoneSimulator
		{5023F408-9582-4405-BA34-A79A8A8FF663}.Debug|Any CPU.Build.0 = Debug|iPhoneSimulator
		{5023F408-9582-4405-BA34-A79A8A8FF663}.Debug|Any CPU.Deploy.0 = Debug|iPhoneSimulator
		{5023F408-9582-4405-BA34-A79A8A8FF663}.Debug|ARM.ActiveCfg = Debug|iPhone
		{5023F408-9582-4405-BA34-A79A8A8FF663}.Debug|ARM.Build.0 = Debug|iPhone
		{5023F408-9582-4405-BA34-A79A8A8FF663}.Debug|ARM.Deploy.0 = Debug|iPhone
		{5023F408-9582-4405-BA34-A79A8A8FF663}.Debug|iPhone.ActiveCfg = Debug|iPhone
		{5023F408-9582-4405-BA34-A79A8A8FF663}.Debug|iPhone.Build.0 = Debug|iPhone
		{5023F408-9582-4405-BA34-A79A8A8FF663}.Debug|iPhone.Deploy.0 = Debug|iPhone
		{5023F408-9582-4405-BA34-A79A8A8FF663}.Debug|iPhoneSimulator.ActiveCfg = Debug|iPhoneSimulator
		{5023F408-9582-4405-BA34-A79A8A8FF663}.Debug|iPhoneSimulator.Build.0 = Debug|iPhoneSimulator
		{5023F408-9582-4405-BA34-A79A8A8FF663}.Debug|iPhoneSimulator.Deploy.0 = Debug|iPhoneSimulator
		{5023F408-9582-4405-BA34-A79A8A8FF663}.Debug|x64.ActiveCfg = Debug|iPhoneSimulator
		{5023F408-9582-4405-BA34-A79A8A8FF663}.Debug|x64.Build.0 = Debug|iPhoneSimulator
		{5023F408-9582-4405-BA34-A79A8A8FF663}.Debug|x64.Deploy.0 = Debug|iPhoneSimulator
		{5023F408-9582-4405-BA34-A79A8A8FF663}.Debug|x86.ActiveCfg = Debug|iPhoneSimulator
		{5023F408-9582-4405-BA34-A79A8A8FF663}.Debug|x86.Build.0 = Debug|iPhoneSimulator
		{5023F408-9582-4405-BA34-A79A8A8FF663}.Debug|x86.Deploy.0 = Debug|iPhoneSimulator
		{5023F408-9582-4405-BA34-A79A8A8FF663}.Release|Any CPU.ActiveCfg = Release|iPhoneSimulator
		{5023F408-9582-4405-BA34-A79A8A8FF663}.Release|Any CPU.Build.0 = Release|iPhoneSimulator
		{5023F408-9582-4405-BA34-A79A8A8FF663}.Release|Any CPU.Deploy.0 = Release|iPhoneSimulator
		{5023F408-9582-4405-BA34-A79A8A8FF663}.Release|ARM.ActiveCfg = Release|iPhoneSimulator
		{5023F408-9582-4405-BA34-A79A8A8FF663}.Release|ARM.Build.0 = Release|iPhoneSimulator
		{5023F408-9582-4405-BA34-A79A8A8FF663}.Release|ARM.Deploy.0 = Release|iPhoneSimulator
		{5023F408-9582-4405-BA34-A79A8A8FF663}.Release|iPhone.ActiveCfg = Release|iPhone
		{5023F408-9582-4405-BA34-A79A8A8FF663}.Release|iPhone.Build.0 = Release|iPhone
		{5023F408-9582-4405-BA34-A79A8A8FF663}.Release|iPhone.Deploy.0 = Release|iPhone
		{5023F408-9582-4405-BA34-A79A8A8FF663}.Release|iPhoneSimulator.ActiveCfg = Release|iPhoneSimulator
		{5023F408-9582-4405-BA34-A79A8A8FF663}.Release|iPhoneSimulator.Build.0 = Release|iPhoneSimulator
		{5023F408-9582-4405-BA34-A79A8A8FF663}.Release|iPhoneSimulator.Deploy.0 = Release|iPhoneSimulator
		{5023F408-9582-4405-BA34-A79A8A8FF663}.Release|x64.ActiveCfg = Release|iPhoneSimulator
		{5023F408-9582-4405-BA34-A79A8A8FF663}.Release|x64.Build.0 = Release|iPhoneSimulator
		{5023F408-9582-4405-BA34-A79A8A8FF663}.Release|x64.Deploy.0 = Release|iPhoneSimulator
		{5023F408-9582-4405-BA34-A79A8A8FF663}.Release|x86.ActiveCfg = Release|iPhoneSimulator
		{5023F408-9582-4405-BA34-A79A8A8FF663}.Release|x86.Build.0 = Release|iPhoneSimulator
		{5023F408-9582-4405-BA34-A79A8A8FF663}.Release|x86.Deploy.0 = Release|iPhoneSimulator
		{13C1D735-5F88-4460-BBB8-016845E60484}.Debug|Any CPU.ActiveCfg = Debug|Any CPU
		{13C1D735-5F88-4460-BBB8-016845E60484}.Debug|Any CPU.Build.0 = Debug|Any CPU
		{13C1D735-5F88-4460-BBB8-016845E60484}.Debug|Any CPU.Deploy.0 = Debug|Any CPU
		{13C1D735-5F88-4460-BBB8-016845E60484}.Debug|ARM.ActiveCfg = Debug|Any CPU
		{13C1D735-5F88-4460-BBB8-016845E60484}.Debug|ARM.Build.0 = Debug|Any CPU
		{13C1D735-5F88-4460-BBB8-016845E60484}.Debug|ARM.Deploy.0 = Debug|Any CPU
		{13C1D735-5F88-4460-BBB8-016845E60484}.Debug|iPhone.ActiveCfg = Debug|Any CPU
		{13C1D735-5F88-4460-BBB8-016845E60484}.Debug|iPhone.Build.0 = Debug|Any CPU
		{13C1D735-5F88-4460-BBB8-016845E60484}.Debug|iPhone.Deploy.0 = Debug|Any CPU
		{13C1D735-5F88-4460-BBB8-016845E60484}.Debug|iPhoneSimulator.ActiveCfg = Debug|Any CPU
		{13C1D735-5F88-4460-BBB8-016845E60484}.Debug|iPhoneSimulator.Build.0 = Debug|Any CPU
		{13C1D735-5F88-4460-BBB8-016845E60484}.Debug|iPhoneSimulator.Deploy.0 = Debug|Any CPU
		{13C1D735-5F88-4460-BBB8-016845E60484}.Debug|x64.ActiveCfg = Debug|Any CPU
		{13C1D735-5F88-4460-BBB8-016845E60484}.Debug|x64.Build.0 = Debug|Any CPU
		{13C1D735-5F88-4460-BBB8-016845E60484}.Debug|x64.Deploy.0 = Debug|Any CPU
		{13C1D735-5F88-4460-BBB8-016845E60484}.Debug|x86.ActiveCfg = Debug|Any CPU
		{13C1D735-5F88-4460-BBB8-016845E60484}.Debug|x86.Build.0 = Debug|Any CPU
		{13C1D735-5F88-4460-BBB8-016845E60484}.Debug|x86.Deploy.0 = Debug|Any CPU
		{13C1D735-5F88-4460-BBB8-016845E60484}.Release|Any CPU.ActiveCfg = Release|Any CPU
		{13C1D735-5F88-4460-BBB8-016845E60484}.Release|Any CPU.Build.0 = Release|Any CPU
		{13C1D735-5F88-4460-BBB8-016845E60484}.Release|Any CPU.Deploy.0 = Release|Any CPU
		{13C1D735-5F88-4460-BBB8-016845E60484}.Release|ARM.ActiveCfg = Release|Any CPU
		{13C1D735-5F88-4460-BBB8-016845E60484}.Release|ARM.Build.0 = Release|Any CPU
		{13C1D735-5F88-4460-BBB8-016845E60484}.Release|ARM.Deploy.0 = Release|Any CPU
		{13C1D735-5F88-4460-BBB8-016845E60484}.Release|iPhone.ActiveCfg = Release|Any CPU
		{13C1D735-5F88-4460-BBB8-016845E60484}.Release|iPhone.Build.0 = Release|Any CPU
		{13C1D735-5F88-4460-BBB8-016845E60484}.Release|iPhone.Deploy.0 = Release|Any CPU
		{13C1D735-5F88-4460-BBB8-016845E60484}.Release|iPhoneSimulator.ActiveCfg = Release|Any CPU
		{13C1D735-5F88-4460-BBB8-016845E60484}.Release|iPhoneSimulator.Build.0 = Release|Any CPU
		{13C1D735-5F88-4460-BBB8-016845E60484}.Release|iPhoneSimulator.Deploy.0 = Release|Any CPU
		{13C1D735-5F88-4460-BBB8-016845E60484}.Release|x64.ActiveCfg = Release|Any CPU
		{13C1D735-5F88-4460-BBB8-016845E60484}.Release|x64.Build.0 = Release|Any CPU
		{13C1D735-5F88-4460-BBB8-016845E60484}.Release|x64.Deploy.0 = Release|Any CPU
		{13C1D735-5F88-4460-BBB8-016845E60484}.Release|x86.ActiveCfg = Release|Any CPU
		{13C1D735-5F88-4460-BBB8-016845E60484}.Release|x86.Build.0 = Release|Any CPU
		{13C1D735-5F88-4460-BBB8-016845E60484}.Release|x86.Deploy.0 = Release|Any CPU
	EndGlobalSection
	GlobalSection(SolutionProperties) = preSolution
		HideSolutionNode = FALSE
	EndGlobalSection
	GlobalSection(ExtensibilityGlobals) = postSolution
		SolutionGuid = {61DC79BC-263E-4B4E-93AD-EF3EC8ACDB0F}
	EndGlobalSection
EndGlobal
